
Microsoft Visual Studio Solution File, Format Version 12.00
# Visual Studio 2013
Project("{FAE04EC0-301F-11D3-BF4B-00C04F79EFBC}") = "UnityVS.SuperMario.CSharp", "UnityVS.SuperMario.CSharp.csproj", "{21B7BA55-0EC8-D15E-B2D5-1C058381BC79}"
EndProject
Global
	GlobalSection(SolutionConfigurationPlatforms) = preSolution
		Debug|Any CPU = Debug|Any CPU
		Release|Any CPU = Release|Any CPU
	EndGlobalSection
	GlobalSection(ProjectConfigurationPlatforms) = postSolution
		{21B7BA55-0EC8-D15E-B2D5-1C058381BC79}.Debug|Any CPU.ActiveCfg = Debug|Any CPU
		{21B7BA55-0EC8-D15E-B2D5-1C058381BC79}.Debug|Any CPU.Build.0 = Debug|Any CPU
		{21B7BA55-0EC8-D15E-B2D5-1C058381BC79}.Release|Any CPU.ActiveCfg = Release|Any CPU
		{21B7BA55-0EC8-D15E-B2D5-1C058381BC79}.Release|Any CPU.Build.0 = Release|Any CPU
	EndGlobalSection
	GlobalSection(SolutionProperties) = preSolution
		HideSolutionNode = FALSE
	EndGlobalSection
EndGlobal
